
Microsoft Visual Studio Solution File, Format Version 12.00
# Visual Studio 14
VisualStudioVersion = 14.0.25420.1
MinimumVisualStudioVersion = 10.0.40219.1
Project("{FAE04EC0-301F-11D3-BF4B-00C04F79EFBC}") = "Website", "Website\Website.csproj", "{F6CE1D4F-E135-4F04-B1FE-B70672FE61C4}"
EndProject
Project("{FAE04EC0-301F-11D3-BF4B-00C04F79EFBC}") = "BusinessLayer", "BusinessLayer\BusinessLayer.csproj", "{53FB4FD3-31C6-43CC-940A-91040AEE873A}"
EndProject
Project("{FAE04EC0-301F-11D3-BF4B-00C04F79EFBC}") = "DataAccessLayer", "DataAccessLayer\DataAccessLayer.csproj", "{78624B81-BFDE-4A29-B061-0159F3966AC7}"
EndProject
Global
	GlobalSection(SolutionConfigurationPlatforms) = preSolution
		Debug|Any CPU = Debug|Any CPU
		Release|Any CPU = Release|Any CPU
	EndGlobalSection
	GlobalSection(ProjectConfigurationPlatforms) = postSolution
		{F6CE1D4F-E135-4F04-B1FE-B70672FE61C4}.Debug|Any CPU.ActiveCfg = Debug|Any CPU
		{F6CE1D4F-E135-4F04-B1FE-B70672FE61C4}.Debug|Any CPU.Build.0 = Debug|Any CPU
		{F6CE1D4F-E135-4F04-B1FE-B70672FE61C4}.Release|Any CPU.ActiveCfg = Release|Any CPU
		{F6CE1D4F-E135-4F04-B1FE-B70672FE61C4}.Release|Any CPU.Build.0 = Release|Any CPU
		{53FB4FD3-31C6-43CC-940A-91040AEE873A}.Debug|Any CPU.ActiveCfg = Debug|Any CPU
		{53FB4FD3-31C6-43CC-940A-91040AEE873A}.Debug|Any CPU.Build.0 = Debug|Any CPU
		{53FB4FD3-31C6-43CC-940A-91040AEE873A}.Release|Any CPU.ActiveCfg = Release|Any CPU
		{53FB4FD3-31C6-43CC-940A-91040AEE873A}.Release|Any CPU.Build.0 = Release|Any CPU
		{78624B81-BFDE-4A29-B061-0159F3966AC7}.Debug|Any CPU.ActiveCfg = Debug|Any CPU
		{78624B81-BFDE-4A29-B061-0159F3966AC7}.Debug|Any CPU.Build.0 = Debug|Any CPU
		{78624B81-BFDE-4A29-B061-0159F3966AC7}.Release|Any CPU.ActiveCfg = Release|Any CPU
		{78624B81-BFDE-4A29-B061-0159F3966AC7}.Release|Any CPU.Build.0 = Release|Any CPU
	EndGlobalSection
	GlobalSection(SolutionProperties) = preSolution
		HideSolutionNode = FALSE
	EndGlobalSection
EndGlobal
